
Microsoft Visual Studio Solution File, Format Version 12.00
# Visual Studio Version 17
VisualStudioVersion = 17.9.34728.123
MinimumVisualStudioVersion = 10.0.40219.1
Project("{FAE04EC0-301F-11D3-BF4B-00C04F79EFBC}") = "HundeRally.WebUI.Server", "WebUI\HundeRally.WebUI.Server.csproj", "{87F8F712-E9F7-406F-94C0-4597BA5C0663}"
EndProject
Project("{FAE04EC0-301F-11D3-BF4B-00C04F79EFBC}") = "HundeRally.WebAPI", "WebAPI\HundeRally.WebAPI.csproj", "{E91BD405-08A2-4F64-B565-89734D510D3C}"
EndProject
Project("{FAE04EC0-301F-11D3-BF4B-00C04F79EFBC}") = "HundeRally.Domain", "Data\HundeRally.Domain.csproj", "{1778808F-EE1A-49B5-A592-E868ED1F3669}"
EndProject
Project("{FAE04EC0-301F-11D3-BF4B-00C04F79EFBC}") = "APITest", "APITest\APITest.csproj", "{C1478A8C-0731-4708-BB64-A0A36FFBAFC9}"
EndProject
Project("{FAE04EC0-301F-11D3-BF4B-00C04F79EFBC}") = "HundeRally.Application", "Application\HundeRally.Application.csproj", "{AD6E709C-F948-49E9-9613-9D25069AF5B2}"
EndProject
Project("{FAE04EC0-301F-11D3-BF4B-00C04F79EFBC}") = "HundeRally.Infrastructure", "Infrastructure\HundeRally.Infrastructure.csproj", "{D23A39D5-B191-439C-9394-06782E60B3BB}"
EndProject
Project("{2150E333-8FDC-42A3-9474-1A3956D46DE8}") = "src", "src", "{8BCE0E26-3973-4B3D-9BDD-CA5028D31E63}"
EndProject
Global
	GlobalSection(SolutionConfigurationPlatforms) = preSolution
		Debug|Any CPU = Debug|Any CPU
		Release|Any CPU = Release|Any CPU
	EndGlobalSection
	GlobalSection(ProjectConfigurationPlatforms) = postSolution
		{87F8F712-E9F7-406F-94C0-4597BA5C0663}.Debug|Any CPU.ActiveCfg = Debug|Any CPU
		{87F8F712-E9F7-406F-94C0-4597BA5C0663}.Debug|Any CPU.Build.0 = Debug|Any CPU
		{87F8F712-E9F7-406F-94C0-4597BA5C0663}.Release|Any CPU.ActiveCfg = Release|Any CPU
		{87F8F712-E9F7-406F-94C0-4597BA5C0663}.Release|Any CPU.Build.0 = Release|Any CPU
		{E91BD405-08A2-4F64-B565-89734D510D3C}.Debug|Any CPU.ActiveCfg = Debug|Any CPU
		{E91BD405-08A2-4F64-B565-89734D510D3C}.Debug|Any CPU.Build.0 = Debug|Any CPU
		{E91BD405-08A2-4F64-B565-89734D510D3C}.Release|Any CPU.ActiveCfg = Release|Any CPU
		{E91BD405-08A2-4F64-B565-89734D510D3C}.Release|Any CPU.Build.0 = Release|Any CPU
		{1778808F-EE1A-49B5-A592-E868ED1F3669}.Debug|Any CPU.ActiveCfg = Debug|Any CPU
		{1778808F-EE1A-49B5-A592-E868ED1F3669}.Debug|Any CPU.Build.0 = Debug|Any CPU
		{1778808F-EE1A-49B5-A592-E868ED1F3669}.Release|Any CPU.ActiveCfg = Release|Any CPU
		{1778808F-EE1A-49B5-A592-E868ED1F3669}.Release|Any CPU.Build.0 = Release|Any CPU
		{C1478A8C-0731-4708-BB64-A0A36FFBAFC9}.Debug|Any CPU.ActiveCfg = Debug|Any CPU
		{C1478A8C-0731-4708-BB64-A0A36FFBAFC9}.Debug|Any CPU.Build.0 = Debug|Any CPU
		{C1478A8C-0731-4708-BB64-A0A36FFBAFC9}.Release|Any CPU.ActiveCfg = Release|Any CPU
		{C1478A8C-0731-4708-BB64-A0A36FFBAFC9}.Release|Any CPU.Build.0 = Release|Any CPU
		{AD6E709C-F948-49E9-9613-9D25069AF5B2}.Debug|Any CPU.ActiveCfg = Debug|Any CPU
		{AD6E709C-F948-49E9-9613-9D25069AF5B2}.Debug|Any CPU.Build.0 = Debug|Any CPU
		{AD6E709C-F948-49E9-9613-9D25069AF5B2}.Release|Any CPU.ActiveCfg = Release|Any CPU
		{AD6E709C-F948-49E9-9613-9D25069AF5B2}.Release|Any CPU.Build.0 = Release|Any CPU
		{D23A39D5-B191-439C-9394-06782E60B3BB}.Debug|Any CPU.ActiveCfg = Debug|Any CPU
		{D23A39D5-B191-439C-9394-06782E60B3BB}.Debug|Any CPU.Build.0 = Debug|Any CPU
		{D23A39D5-B191-439C-9394-06782E60B3BB}.Release|Any CPU.ActiveCfg = Release|Any CPU
		{D23A39D5-B191-439C-9394-06782E60B3BB}.Release|Any CPU.Build.0 = Release|Any CPU
	EndGlobalSection
	GlobalSection(SolutionProperties) = preSolution
		HideSolutionNode = FALSE
	EndGlobalSection
	GlobalSection(NestedProjects) = preSolution
		{1778808F-EE1A-49B5-A592-E868ED1F3669} = {8BCE0E26-3973-4B3D-9BDD-CA5028D31E63}
		{AD6E709C-F948-49E9-9613-9D25069AF5B2} = {8BCE0E26-3973-4B3D-9BDD-CA5028D31E63}
		{D23A39D5-B191-439C-9394-06782E60B3BB} = {8BCE0E26-3973-4B3D-9BDD-CA5028D31E63}
	EndGlobalSection
	GlobalSection(ExtensibilityGlobals) = postSolution
		SolutionGuid = {E5CF058A-6DD6-4829-A8F8-662667F563D6}
	EndGlobalSection
EndGlobal
